// !$*UTF8*$!
{
	archiveVersion = 1;
	classes = {
	};
	objectVersion = 46;
	objects = {

/* Begin PBXBuildFile section */
		853380CE1D8FEB380031EE97 /* main.m in Sources */ = {isa = PBXBuildFile; fileRef = 853380CD1D8FEB380031EE97 /* main.m */; };
		853380D11D8FEB380031EE97 /* AppDelegate.m in Sources */ = {isa = PBXBuildFile; fileRef = 853380D01D8FEB380031EE97 /* AppDelegate.m */; };
		853380D41D8FEB380031EE97 /* ViewController.m in Sources */ = {isa = PBXBuildFile; fileRef = 853380D31D8FEB380031EE97 /* ViewController.m */; };
		853380D71D8FEB380031EE97 /* Main.storyboard in Resources */ = {isa = PBXBuildFile; fileRef = 853380D51D8FEB380031EE97 /* Main.storyboard */; };
		853380D91D8FEB380031EE97 /* Assets.xcassets in Resources */ = {isa = PBXBuildFile; fileRef = 853380D81D8FEB380031EE97 /* Assets.xcassets */; };
		853380DC1D8FEB380031EE97 /* LaunchScreen.storyboard in Resources */ = {isa = PBXBuildFile; fileRef = 853380DA1D8FEB380031EE97 /* LaunchScreen.storyboard */; };
		853380E71D8FEB390031EE97 /* SinaVRTests.m in Sources */ = {isa = PBXBuildFile; fileRef = 853380E61D8FEB390031EE97 /* SinaVRTests.m */; };
		853380F21D8FEB390031EE97 /* SinaVRUITests.m in Sources */ = {isa = PBXBuildFile; fileRef = 853380F11D8FEB390031EE97 /* SinaVRUITests.m */; };
/* End PBXBuildFile section */

/* Begin PBXContainerItemProxy section */
		853380E31D8FEB390031EE97 /* PBXContainerItemProxy */ = {
			isa = PBXContainerItemProxy;
			containerPortal = 853380C11D8FEB380031EE97 /* Project object */;
			proxyType = 1;
			remoteGlobalIDString = 853380C81D8FEB380031EE97;
			remoteInfo = SinaVR;
		};
		853380EE1D8FEB390031EE97 /* PBXContainerItemProxy */ = {
			isa = PBXContainerItemProxy;
			containerPortal = 853380C11D8FEB380031EE97 /* Project object */;
			proxyType = 1;
			remoteGlobalIDString = 853380C81D8FEB380031EE97;
			remoteInfo = SinaVR;
		};
/* End PBXContainerItemProxy section */

/* Begin PBXFileReference section */
		853380C91D8FEB380031EE97 /* SinaVR.app */ = {isa = PBXFileReference; explicitFileType = wrapper.application; includeInIndex = 0; path = SinaVR.app; sourceTree = BUILT_PRODUCTS_DIR; };
		853380CD1D8FEB380031EE97 /* main.m */ = {isa = PBXFileReference; lastKnownFileType = sourcecode.c.objc; path = main.m; sourceTree = "<group>"; };
		853380CF1D8FEB380031EE97 /* AppDelegate.h */ = {isa = PBXFileReference; lastKnownFileType = sourcecode.c.h; path = AppDelegate.h; sourceTree = "<group>"; };
		853380D01D8FEB380031EE97 /* AppDelegate.m */ = {isa = PBXFileReference; lastKnownFileType = sourcecode.c.objc; path = AppDelegate.m; sourceTree = "<group>"; };
		853380D21D8FEB380031EE97 /* ViewController.h */ = {isa = PBXFileReference; lastKnownFileType = sourcecode.c.h; path = ViewController.h; sourceTree = "<group>"; };
		853380D31D8FEB380031EE97 /* ViewController.m */ = {isa = PBXFileReference; lastKnownFileType = sourcecode.c.objc; path = ViewController.m; sourceTree = "<group>"; };
		853380D61D8FEB380031EE97 /* Base */ = {isa = PBXFileReference; lastKnownFileType = file.storyboard; name = Base; path = Base.lproj/Main.storyboard; sourceTree = "<group>"; };
		853380D81D8FEB380031EE97 /* Assets.xcassets */ = {isa = PBXFileReference; lastKnownFileType = folder.assetcatalog; path = Assets.xcassets; sourceTree = "<group>"; };
		853380DB1D8FEB380031EE97 /* Base */ = {isa = PBXFileReference; lastKnownFileType = file.storyboard; name = Base; path = Base.lproj/LaunchScreen.storyboard; sourceTree = "<group>"; };
		853380DD1D8FEB380031EE97 /* Info.plist */ = {isa = PBXFileReference; lastKnownFileType = text.plist.xml; path = Info.plist; sourceTree = "<group>"; };
		853380E21D8FEB390031EE97 /* SinaVRTests.xctest */ = {isa = PBXFileReference; explicitFileType = wrapper.cfbundle; includeInIndex = 0; path = SinaVRTests.xctest; sourceTree = BUILT_PRODUCTS_DIR; };
		853380E61D8FEB390031EE97 /* SinaVRTests.m */ = {isa = PBXFileReference; lastKnownFileType = sourcecode.c.objc; path = SinaVRTests.m; sourceTree = "<group>"; };
		853380E81D8FEB390031EE97 /* Info.plist */ = {isa = PBXFileReference; lastKnownFileType = text.plist.xml; path = Info.plist; sourceTree = "<group>"; };
		853380ED1D8FEB390031EE97 /* SinaVRUITests.xctest */ = {isa = PBXFileReference; explicitFileType = wrapper.cfbundle; includeInIndex = 0; path = SinaVRUITests.xctest; sourceTree = BUILT_PRODUCTS_DIR; };
		853380F11D8FEB390031EE97 /* SinaVRUITests.m */ = {isa = PBXFileReference; lastKnownFileType = sourcecode.c.objc; path = SinaVRUITests.m; sourceTree = "<group>"; };
		853380F31D8FEB390031EE97 /* Info.plist */ = {isa = PBXFileReference; lastKnownFileType = text.plist.xml; path = Info.plist; sourceTree = "<group>"; };
/* End PBXFileReference section */

/* Begin PBXFrameworksBuildPhase section */
		853380C61D8FEB380031EE97 /* Frameworks */ = {
			isa = PBXFrameworksBuildPhase;
			buildActionMask = 2147483647;
			files = (
			);
			runOnlyForDeploymentPostprocessing = 0;
		};
		853380DF1D8FEB390031EE97 /* Frameworks */ = {
			isa = PBXFrameworksBuildPhase;
			buildActionMask = 2147483647;
			files = (
			);
			runOnlyForDeploymentPostprocessing = 0;
		};
		853380EA1D8FEB390031EE97 /* Frameworks */ = {
			isa = PBXFrameworksBuildPhase;
			buildActionMask = 2147483647;
			files = (
			);
			runOnlyForDeploymentPostprocessing = 0;
		};
/* End PBXFrameworksBuildPhase section */

/* Begin PBXGroup section */
		853380C01D8FEB380031EE97 = {
			isa = PBXGroup;
			children = (
				853380CB1D8FEB380031EE97 /* SinaVR */,
				853380E51D8FEB390031EE97 /* SinaVRTests */,
				853380F01D8FEB390031EE97 /* SinaVRUITests */,
				853380CA1D8FEB380031EE97 /* Products */,
			);
			sourceTree = "<group>";
		};
		853380CA1D8FEB380031EE97 /* Products */ = {
			isa = PBXGroup;
			children = (
				853380C91D8FEB380031EE97 /* SinaVR.app */,
				853380E21D8FEB390031EE97 /* SinaVRTests.xctest */,
				853380ED1D8FEB390031EE97 /* SinaVRUITests.xctest */,
			);
			name = Products;
			sourceTree = "<group>";
		};
		853380CB1D8FEB380031EE97 /* SinaVR */ = {
			isa = PBXGroup;
			children = (
				853380CF1D8FEB380031EE97 /* AppDelegate.h */,
				853380D01D8FEB380031EE97 /* AppDelegate.m */,
				853380D21D8FEB380031EE97 /* ViewController.h */,
				853380D31D8FEB380031EE97 /* ViewController.m */,
				853380D51D8FEB380031EE97 /* Main.storyboard */,
				853380D81D8FEB380031EE97 /* Assets.xcassets */,
				853380DA1D8FEB380031EE97 /* LaunchScreen.storyboard */,
				853380DD1D8FEB380031EE97 /* Info.plist */,
				853380CC1D8FEB380031EE97 /* Supporting Files */,
			);
			path = SinaVR;
			sourceTree = "<group>";
		};
		853380CC1D8FEB380031EE97 /* Supporting Files */ = {
			isa = PBXGroup;
			children = (
				853380CD1D8FEB380031EE97 /* main.m */,
			);
			name = "Supporting Files";
			sourceTree = "<group>";
		};
		853380E51D8FEB390031EE97 /* SinaVRTests */ = {
			isa = PBXGroup;
			children = (
				853380E61D8FEB390031EE97 /* SinaVRTests.m */,
				853380E81D8FEB390031EE97 /* Info.plist */,
			);
			path = SinaVRTests;
			sourceTree = "<group>";
		};
		853380F01D8FEB390031EE97 /* SinaVRUITests */ = {
			isa = PBXGroup;
			children = (
				853380F11D8FEB390031EE97 /* SinaVRUITests.m */,
				853380F31D8FEB390031EE97 /* Info.plist */,
			);
			path = SinaVRUITests;
			sourceTree = "<group>";
		};
/* End PBXGroup section */

/* Begin PBXNativeTarget section */
		853380C81D8FEB380031EE97 /* SinaVR */ = {
			isa = PBXNativeTarget;
			buildConfigurationList = 853380F61D8FEB390031EE97 /* Build configuration list for PBXNativeTarget "SinaVR" */;
			buildPhases = (
				853380C51D8FEB380031EE97 /* Sources */,
				853380C61D8FEB380031EE97 /* Frameworks */,
				853380C71D8FEB380031EE97 /* Resources */,
			);
			buildRules = (
			);
			dependencies = (
			);
			name = SinaVR;
			productName = SinaVR;
			productReference = 853380C91D8FEB380031EE97 /* SinaVR.app */;
			productType = "com.apple.product-type.application";
		};
		853380E11D8FEB390031EE97 /* SinaVRTests */ = {
			isa = PBXNativeTarget;
			buildConfigurationList = 853380F91D8FEB390031EE97 /* Build configuration list for PBXNativeTarget "SinaVRTests" */;
			buildPhases = (
				853380DE1D8FEB390031EE97 /* Sources */,
				853380DF1D8FEB390031EE97 /* Frameworks */,
				853380E01D8FEB390031EE97 /* Resources */,
			);
			buildRules = (
			);
			dependencies = (
				853380E41D8FEB390031EE97 /* PBXTargetDependency */,
			);
			name = SinaVRTests;
			productName = SinaVRTests;
			productReference = 853380E21D8FEB390031EE97 /* SinaVRTests.xctest */;
			productType = "com.apple.product-type.bundle.unit-test";
		};
		853380EC1D8FEB390031EE97 /* SinaVRUITests */ = {
			isa = PBXNativeTarget;
			buildConfigurationList = 853380FC1D8FEB390031EE97 /* Build configuration list for PBXNativeTarget "SinaVRUITests" */;
			buildPhases = (
				853380E91D8FEB390031EE97 /* Sources */,
				853380EA1D8FEB390031EE97 /* Frameworks */,
				853380EB1D8FEB390031EE97 /* Resources */,
			);
			buildRules = (
			);
			dependencies = (
				853380EF1D8FEB390031EE97 /* PBXTargetDependency */,
			);
			name = SinaVRUITests;
			productName = SinaVRUITests;
			productReference = 853380ED1D8FEB390031EE97 /* SinaVRUITests.xctest */;
			productType = "com.apple.product-type.bundle.ui-testing";
		};
/* End PBXNativeTarget section */

/* Begin PBXProject section */
		853380C11D8FEB380031EE97 /* Project object */ = {
			isa = PBXProject;
			attributes = {
				LastUpgradeCheck = 0800;
				ORGANIZATIONNAME = zhipeng;
				TargetAttributes = {
					853380C81D8FEB380031EE97 = {
						CreatedOnToolsVersion = 8.0;
						DevelopmentTeam = DZQ9HC6K8E;
						ProvisioningStyle = Automatic;
					};
					853380E11D8FEB390031EE97 = {
						CreatedOnToolsVersion = 8.0;
						DevelopmentTeam = DZQ9HC6K8E;
						ProvisioningStyle = Automatic;
						TestTargetID = 853380C81D8FEB380031EE97;
					};
					853380EC1D8FEB390031EE97 = {
						CreatedOnToolsVersion = 8.0;
						DevelopmentTeam = DZQ9HC6K8E;
						ProvisioningStyle = Automatic;
						TestTargetID = 853380C81D8FEB380031EE97;
					};
				};
			};
			buildConfigurationList = 853380C41D8FEB380031EE97 /* Build configuration list for PBXProject "SinaVR" */;
			compatibilityVersion = "Xcode 3.2";
			developmentRegion = English;
			hasScannedForEncodings = 0;
			knownRegions = (
				en,
				Base,
			);
			mainGroup = 853380C01D8FEB380031EE97;
			productRefGroup = 853380CA1D8FEB380031EE97 /* Products */;
			projectDirPath = "";
			projectRoot = "";
			targets = (
				853380C81D8FEB380031EE97 /* SinaVR */,
				853380E11D8FEB390031EE97 /* SinaVRTests */,
				853380EC1D8FEB390031EE97 /* SinaVRUITests */,
			);
		};
/* End PBXProject section */

/* Begin PBXResourcesBuildPhase section */
		853380C71D8FEB380031EE97 /* Resources */ = {
			isa = PBXResourcesBuildPhase;
			buildActionMask = 2147483647;
			files = (
				853380DC1D8FEB380031EE97 /* LaunchScreen.storyboard in Resources */,
				853380D91D8FEB380031EE97 /* Assets.xcassets in Resources */,
				853380D71D8FEB380031EE97 /* Main.storyboard in Resources */,
			);
			runOnlyForDeploymentPostprocessing = 0;
		};
		853380E01D8FEB390031EE97 /* Resources */ = {
			isa = PBXResourcesBuildPhase;
			buildActionMask = 2147483647;
			files = (
			);
			runOnlyForDeploymentPostprocessing = 0;
		};
		853380EB1D8FEB390031EE97 /* Resources */ = {
			isa = PBXResourcesBuildPhase;
			buildActionMask = 2147483647;
			files = (
			);
			runOnlyForDeploymentPostprocessing = 0;
		};
/* End PBXResourcesBuildPhase section */

/* Begin PBXSourcesBuildPhase section */
		853380C51D8FEB380031EE97 /* Sources */ = {
			isa = PBXSourcesBuildPhase;
			buildActionMask = 2147483647;
			files = (
				853380D41D8FEB380031EE97 /* ViewController.m in Sources */,
				853380D11D8FEB380031EE97 /* AppDelegate.m in Sources */,
				853380CE1D8FEB380031EE97 /* main.m in Sources */,
			);
			runOnlyForDeploymentPostprocessing = 0;
		};
		853380DE1D8FEB390031EE97 /* Sources */ = {
			isa = PBXSourcesBuildPhase;
			buildActionMask = 2147483647;
			files = (
				853380E71D8FEB390031EE97 /* SinaVRTests.m in Sources */,
			);
			runOnlyForDeploymentPostprocessing = 0;
		};
		853380E91D8FEB390031EE97 /* Sources */ = {
			isa = PBXSourcesBuildPhase;
			buildActionMask = 2147483647;
			files = (
				853380F21D8FEB390031EE97 /* SinaVRUITests.m in Sources */,
			);
			runOnlyForDeploymentPostprocessing = 0;
		};
/* End PBXSourcesBuildPhase section */

/* Begin PBXTargetDependency section */
		853380E41D8FEB390031EE97 /* PBXTargetDependency */ = {
			isa = PBXTargetDependency;
			target = 853380C81D8FEB380031EE97 /* SinaVR */;
			targetProxy = 853380E31D8FEB390031EE97 /* PBXContainerItemProxy */;
		};
		853380EF1D8FEB390031EE97 /* PBXTargetDependency */ = {
			isa = PBXTargetDependency;
			target = 853380C81D8FEB380031EE97 /* SinaVR */;
			targetProxy = 853380EE1D8FEB390031EE97 /* PBXContainerItemProxy */;
		};
/* End PBXTargetDependency section */

/* Begin PBXVariantGroup section */
		853380D51D8FEB380031EE97 /* Main.storyboard */ = {
			isa = PBXVariantGroup;
			children = (
				853380D61D8FEB380031EE97 /* Base */,
			);
			name = Main.storyboard;
			sourceTree = "<group>";
		};
		853380DA1D8FEB380031EE97 /* LaunchScreen.storyboard */ = {
			isa = PBXVariantGroup;
			children = (
				853380DB1D8FEB380031EE97 /* Base */,
			);
			name = LaunchScreen.storyboard;
			sourceTree = "<group>";
		};
/* End PBXVariantGroup section */

/* Begin XCBuildConfiguration section */
		853380F41D8FEB390031EE97 /* Debug */ = {
			isa = XCBuildConfiguration;
			buildSettings = {
				ALWAYS_SEARCH_USER_PATHS = NO;
				CLANG_ANALYZER_NONNULL = YES;
				CLANG_CXX_LANGUAGE_STANDARD = "gnu++0x";
				CLANG_CXX_LIBRARY = "libc++";
				CLANG_ENABLE_MODULES = YES;
				CLANG_ENABLE_OBJC_ARC = YES;
				CLANG_WARN_BOOL_CONVERSION = YES;
				CLANG_WARN_CONSTANT_CONVERSION = YES;
				CLANG_WARN_DIRECT_OBJC_ISA_USAGE = YES_ERROR;
				CLANG_WARN_DOCUMENTATION_COMMENTS = YES;
				CLANG_WARN_EMPTY_BODY = YES;
				CLANG_WARN_ENUM_CONVERSION = YES;
				CLANG_WARN_INFINITE_RECURSION = YES;
				CLANG_WARN_INT_CONVERSION = YES;
				CLANG_WARN_OBJC_ROOT_CLASS = YES_ERROR;
				CLANG_WARN_SUSPICIOUS_MOVES = YES;
				CLANG_WARN_UNREACHABLE_CODE = YES;
				CLANG_WARN__DUPLICATE_METHOD_MATCH = YES;
				"CODE_SIGN_IDENTITY[sdk=iphoneos*]" = "iPhone Developer";
				COPY_PHASE_STRIP = NO;
				DEBUG_INFORMATION_FORMAT = dwarf;
				ENABLE_STRICT_OBJC_MSGSEND = YES;
				ENABLE_TESTABILITY = YES;
				GCC_C_LANGUAGE_STANDARD = gnu99;
				GCC_DYNAMIC_NO_PIC = NO;
				GCC_NO_COMMON_BLOCKS = YES;
				GCC_OPTIMIZATION_LEVEL = 0;
				GCC_PREPROCESSOR_DEFINITIONS = (
					"DEBUG=1",
					"$(inherited)",
				);
				GCC_WARN_64_TO_32_BIT_CONVERSION = YES;
				GCC_WARN_ABOUT_RETURN_TYPE = YES_ERROR;
				GCC_WARN_UNDECLARED_SELECTOR = YES;
				GCC_WARN_UNINITIALIZED_AUTOS = YES_AGGRESSIVE;
				GCC_WARN_UNUSED_FUNCTION = YES;
				GCC_WARN_UNUSED_VARIABLE = YES;
				IPHONEOS_DEPLOYMENT_TARGET = 10.0;
				MTL_ENABLE_DEBUG_INFO = YES;
				ONLY_ACTIVE_ARCH = YES;
				SDKROOT = iphoneos;
				TARGETED_DEVICE_FAMILY = "1,2";
			};
			name = Debug;
		};
		853380F51D8FEB390031EE97 /* Release */ = {
			isa = XCBuildConfiguration;
			buildSettings = {
				ALWAYS_SEARCH_USER_PATHS = NO;
				CLANG_ANALYZER_NONNULL = YES;
				CLANG_CXX_LANGUAGE_STANDARD = "gnu++0x";
				CLANG_CXX_LIBRARY = "libc++";
				CLANG_ENABLE_MODULES = YES;
				CLANG_ENABLE_OBJC_ARC = YES;
				CLANG_WARN_BOOL_CONVERSION = YES;
				CLANG_WARN_CONSTANT_CONVERSION = YES;
				CLANG_WARN_DIRECT_OBJC_ISA_USAGE = YES_ERROR;
				CLANG_WARN_DOCUMENTATION_COMMENTS = YES;
				CLANG_WARN_EMPTY_BODY = YES;
				CLANG_WARN_ENUM_CONVERSION = YES;
				CLANG_WARN_INFINITE_RECURSION = YES;
				CLANG_WARN_INT_CONVERSION = YES;
				CLANG_WARN_OBJC_ROOT_CLASS = YES_ERROR;
				CLANG_WARN_SUSPICIOUS_MOVES = YES;
				CLANG_WARN_UNREACHABLE_CODE = YES;
				CLANG_WARN__DUPLICATE_METHOD_MATCH = YES;
				"CODE_SIGN_IDENTITY[sdk=iphoneos*]" = "iPhone Developer";
				COPY_PHASE_STRIP = NO;
				DEBUG_INFORMATION_FORMAT = "dwarf-with-dsym";
				ENABLE_NS_ASSERTIONS = NO;
				ENABLE_STRICT_OBJC_MSGSEND = YES;
				GCC_C_LANGUAGE_STANDARD = gnu99;
				GCC_NO_COMMON_BLOCKS = YES;
				GCC_WARN_64_TO_32_BIT_CONVERSION = YES;
				GCC_WARN_ABOUT_RETURN_TYPE = YES_ERROR;
				GCC_WARN_UNDECLARED_SELECTOR = YES;
				GCC_WARN_UNINITIALIZED_AUTOS = YES_AGGRESSIVE;
				GCC_WARN_UNUSED_FUNCTION = YES;
				GCC_WARN_UNUSED_VARIABLE = YES;
				IPHONEOS_DEPLOYMENT_TARGET = 10.0;
				MTL_ENABLE_DEBUG_INFO = NO;
				SDKROOT = iphoneos;
				TARGETED_DEVICE_FAMILY = "1,2";
				VALIDATE_PRODUCT = YES;
			};
			name = Release;
		};
		853380F71D8FEB390031EE97 /* Debug */ = {
			isa = XCBuildConfiguration;
			buildSettings = {
				ASSETCATALOG_COMPILER_APPICON_NAME = AppIcon;
				DEVELOPMENT_TEAM = DZQ9HC6K8E;
				INFOPLIST_FILE = SinaVR/Info.plist;
				LD_RUNPATH_SEARCH_PATHS = "$(inherited) @executable_path/Frameworks";
				PRODUCT_BUNDLE_IDENTIFIER = com.testswift.SinaVR;
				PRODUCT_NAME = "$(TARGET_NAME)";
			};
			name = Debug;
		};
		853380F81D8FEB390031EE97 /* Release */ = {
			isa = XCBuildConfiguration;
			buildSettings = {
				ASSETCATALOG_COMPILER_APPICON_NAME = AppIcon;
				DEVELOPMENT_TEAM = DZQ9HC6K8E;
				INFOPLIST_FILE = SinaVR/Info.plist;
				LD_RUNPATH_SEARCH_PATHS = "$(inherited) @executable_path/Frameworks";
				PRODUCT_BUNDLE_IDENTIFIER = com.testswift.SinaVR;
				PRODUCT_NAME = "$(TARGET_NAME)";
			};
			name = Release;
		};
		853380FA1D8FEB390031EE97 /* Debug */ = {
			isa = XCBuildConfiguration;
			buildSettings = {
				BUNDLE_LOADER = "$(TEST_HOST)";
				DEVELOPMENT_TEAM = DZQ9HC6K8E;
				INFOPLIST_FILE = SinaVRTests/Info.plist;
				LD_RUNPATH_SEARCH_PATHS = "$(inherited) @executable_path/Frameworks @loader_path/Frameworks";
				PRODUCT_BUNDLE_IDENTIFIER = com.testswift.SinaVRTests;
				PRODUCT_NAME = "$(TARGET_NAME)";
				TEST_HOST = "$(BUILT_PRODUCTS_DIR)/SinaVR.app/SinaVR";
			};
			name = Debug;
		};
		853380FB1D8FEB390031EE97 /* Release */ = {
			isa = XCBuildConfiguration;
			buildSettings = {
				BUNDLE_LOADER = "$(TEST_HOST)";
				DEVELOPMENT_TEAM = DZQ9HC6K8E;
				INFOPLIST_FILE = SinaVRTests/Info.plist;
				LD_RUNPATH_SEARCH_PATHS = "$(inherited) @executable_path/Frameworks @loader_path/Frameworks";
				PRODUCT_BUNDLE_IDENTIFIER = com.testswift.SinaVRTests;
				PRODUCT_NAME = "$(TARGET_NAME)";
				TEST_HOST = "$(BUILT_PRODUCTS_DIR)/SinaVR.app/SinaVR";
			};
			name = Release;
		};
		853380FD1D8FEB390031EE97 /* Debug */ = {
			isa = XCBuildConfiguration;
			buildSettings = {
				DEVELOPMENT_TEAM = DZQ9HC6K8E;
				INFOPLIST_FILE = SinaVRUITests/Info.plist;
				LD_RUNPATH_SEARCH_PATHS = "$(inherited) @executable_path/Frameworks @loader_path/Frameworks";
				PRODUCT_BUNDLE_IDENTIFIER = com.testswift.SinaVRUITests;
				PRODUCT_NAME = "$(TARGET_NAME)";
				TEST_TARGET_NAME = SinaVR;
			};
			name = Debug;
		};
		853380FE1D8FEB390031EE97 /* Release */ = {
			isa = XCBuildConfiguration;
			buildSettings = {
				DEVELOPMENT_TEAM = DZQ9HC6K8E;
				INFOPLIST_FILE = SinaVRUITests/Info.plist;
				LD_RUNPATH_SEARCH_PATHS = "$(inherited) @executable_path/Frameworks @loader_path/Frameworks";
				PRODUCT_BUNDLE_IDENTIFIER = com.testswift.SinaVRUITests;
				PRODUCT_NAME = "$(TARGET_NAME)";
				TEST_TARGET_NAME = SinaVR;
			};
			name = Release;
		};
/* End XCBuildConfiguration section */

/* Begin XCConfigurationList section */
		853380C41D8FEB380031EE97 /* Build configuration list for PBXProject "SinaVR" */ = {
			isa = XCConfigurationList;
			buildConfigurations = (
				853380F41D8FEB390031EE97 /* Debug */,
				853380F51D8FEB390031EE97 /* Release */,
			);
			defaultConfigurationIsVisible = 0;
			defaultConfigurationName = Release;
		};
		853380F61D8FEB390031EE97 /* Build configuration list for PBXNativeTarget "SinaVR" */ = {
			isa = XCConfigurationList;
			buildConfigurations = (
				853380F71D8FEB390031EE97 /* Debug */,
				853380F81D8FEB390031EE97 /* Release */,
			);
			defaultConfigurationIsVisible = 0;
		};
		853380F91D8FEB390031EE97 /* Build configuration list for PBXNativeTarget "SinaVRTests" */ = {
			isa = XCConfigurationList;
			buildConfigurations = (
				853380FA1D8FEB390031EE97 /* Debug */,
				853380FB1D8FEB390031EE97 /* Release */,
			);
			defaultConfigurationIsVisible = 0;
		};
		853380FC1D8FEB390031EE97 /* Build configuration list for PBXNativeTarget "SinaVRUITests" */ = {
			isa = XCConfigurationList;
			buildConfigurations = (
				853380FD1D8FEB390031EE97 /* Debug */,
				853380FE1D8FEB390031EE97 /* Release */,
			);
			defaultConfigurationIsVisible = 0;
		};
/* End XCConfigurationList section */
	};
	rootObject = 853380C11D8FEB380031EE97 /* Project object */;
}
